
Microsoft Visual Studio Solution File, Format Version 12.00
# Visual Studio Version 17
VisualStudioVersion = 17.3.32825.248
MinimumVisualStudioVersion = 10.0.40219.1
Project("{9A19103F-16F7-4668-BE54-9A1E7A4F7556}") = "MB_Diagnostics_App", "MB_Diagnostics_App.csproj", "{45D0FD68-433C-449A-A902-62ED12586D81}"
EndProject
Global
	GlobalSection(SolutionConfigurationPlatforms) = preSolution
		Debug|Any CPU = Debug|Any CPU
		Release|Any CPU = Release|Any CPU
	EndGlobalSection
	GlobalSection(ProjectConfigurationPlatforms) = postSolution
		{45D0FD68-433C-449A-A902-62ED12586D81}.Debug|Any CPU.ActiveCfg = Debug|Any CPU
		{45D0FD68-433C-449A-A902-62ED12586D81}.Debug|Any CPU.Build.0 = Debug|Any CPU
		{45D0FD68-433C-449A-A902-62ED12586D81}.Release|Any CPU.ActiveCfg = Release|Any CPU
		{45D0FD68-433C-449A-A902-62ED12586D81}.Release|Any CPU.Build.0 = Release|Any CPU
	EndGlobalSection
	GlobalSection(SolutionProperties) = preSolution
		HideSolutionNode = FALSE
	EndGlobalSection
	GlobalSection(ExtensibilityGlobals) = postSolution
		SolutionGuid = {A369B7BA-CCAA-4E08-858E-797E9AB35473}
	EndGlobalSection
EndGlobal
